
Microsoft Visual Studio Solution File, Format Version 12.00
# Visual Studio 14
VisualStudioVersion = 14.0.23107.0
MinimumVisualStudioVersion = 10.0.40219.1
Project("{FAE04EC0-301F-11D3-BF4B-00C04F79EFBC}") = "Domain", "Domain\Domain.csproj", "{0FE3A2CE-435A-4BB2-9126-FC1B91B07749}"
EndProject
Project("{FAE04EC0-301F-11D3-BF4B-00C04F79EFBC}") = "Repository", "Repository\Repository.csproj", "{91AC695E-A025-42A6-99A1-8B4E4006F1AA}"
EndProject
Project("{FAE04EC0-301F-11D3-BF4B-00C04F79EFBC}") = "DisplayHotels", "DisplayHotels\DisplayHotels.csproj", "{58752920-E4EF-4F06-936C-B4321C6FFE7B}"
EndProject
Project("{FAE04EC0-301F-11D3-BF4B-00C04F79EFBC}") = "HotelsViewer", "HotelsViewer\HotelsViewer.csproj", "{1BAC66DA-0017-46FE-82A6-A3DBCF22EB58}"
EndProject
Global
	GlobalSection(SolutionConfigurationPlatforms) = preSolution
		Debug|Any CPU = Debug|Any CPU
		Release|Any CPU = Release|Any CPU
	EndGlobalSection
	GlobalSection(ProjectConfigurationPlatforms) = postSolution
		{0FE3A2CE-435A-4BB2-9126-FC1B91B07749}.Debug|Any CPU.ActiveCfg = Debug|Any CPU
		{0FE3A2CE-435A-4BB2-9126-FC1B91B07749}.Debug|Any CPU.Build.0 = Debug|Any CPU
		{0FE3A2CE-435A-4BB2-9126-FC1B91B07749}.Release|Any CPU.ActiveCfg = Release|Any CPU
		{0FE3A2CE-435A-4BB2-9126-FC1B91B07749}.Release|Any CPU.Build.0 = Release|Any CPU
		{91AC695E-A025-42A6-99A1-8B4E4006F1AA}.Debug|Any CPU.ActiveCfg = Debug|Any CPU
		{91AC695E-A025-42A6-99A1-8B4E4006F1AA}.Debug|Any CPU.Build.0 = Debug|Any CPU
		{91AC695E-A025-42A6-99A1-8B4E4006F1AA}.Release|Any CPU.ActiveCfg = Release|Any CPU
		{91AC695E-A025-42A6-99A1-8B4E4006F1AA}.Release|Any CPU.Build.0 = Release|Any CPU
		{58752920-E4EF-4F06-936C-B4321C6FFE7B}.Debug|Any CPU.ActiveCfg = Debug|Any CPU
		{58752920-E4EF-4F06-936C-B4321C6FFE7B}.Debug|Any CPU.Build.0 = Debug|Any CPU
		{58752920-E4EF-4F06-936C-B4321C6FFE7B}.Release|Any CPU.ActiveCfg = Release|Any CPU
		{58752920-E4EF-4F06-936C-B4321C6FFE7B}.Release|Any CPU.Build.0 = Release|Any CPU
		{1BAC66DA-0017-46FE-82A6-A3DBCF22EB58}.Debug|Any CPU.ActiveCfg = Debug|Any CPU
		{1BAC66DA-0017-46FE-82A6-A3DBCF22EB58}.Debug|Any CPU.Build.0 = Debug|Any CPU
		{1BAC66DA-0017-46FE-82A6-A3DBCF22EB58}.Release|Any CPU.ActiveCfg = Release|Any CPU
		{1BAC66DA-0017-46FE-82A6-A3DBCF22EB58}.Release|Any CPU.Build.0 = Release|Any CPU
	EndGlobalSection
	GlobalSection(SolutionProperties) = preSolution
		HideSolutionNode = FALSE
	EndGlobalSection
EndGlobal
